
Microsoft Visual Studio Solution File, Format Version 12.00
# Visual Studio Version 17
VisualStudioVersion = 17.2.32526.322
MinimumVisualStudioVersion = 10.0.40219.1
Project("{FAE04EC0-301F-11D3-BF4B-00C04F79EFBC}") = "Shop", "Shop\Shop.csproj", "{9C044768-28D0-4A76-A39E-571EA4183789}"
EndProject
Global
	GlobalSection(SolutionConfigurationPlatforms) = preSolution
		Debug|Any CPU = Debug|Any CPU
		Release|Any CPU = Release|Any CPU
	EndGlobalSection
	GlobalSection(ProjectConfigurationPlatforms) = postSolution
		{9C044768-28D0-4A76-A39E-571EA4183789}.Debug|Any CPU.ActiveCfg = Debug|Any CPU
		{9C044768-28D0-4A76-A39E-571EA4183789}.Debug|Any CPU.Build.0 = Debug|Any CPU
		{9C044768-28D0-4A76-A39E-571EA4183789}.Release|Any CPU.ActiveCfg = Release|Any CPU
		{9C044768-28D0-4A76-A39E-571EA4183789}.Release|Any CPU.Build.0 = Release|Any CPU
	EndGlobalSection
	GlobalSection(SolutionProperties) = preSolution
		HideSolutionNode = FALSE
	EndGlobalSection
	GlobalSection(ExtensibilityGlobals) = postSolution
		SolutionGuid = {3C227721-9AEC-41D5-BB60-DE8B5436FB79}
	EndGlobalSection
EndGlobal
